
Microsoft Visual Studio Solution File, Format Version 12.00
# Visual Studio 2012
Project("{FAE04EC0-301F-11D3-BF4B-00C04F79EFBC}") = "WPF - Shop system", "WPF - Shop system\WPF - Shop system.csproj", "{04331565-DA9E-4F25-A688-D0A5C98F8CBB}"
EndProject
Global
	GlobalSection(SolutionConfigurationPlatforms) = preSolution
		Debug|Any CPU = Debug|Any CPU
		Release|Any CPU = Release|Any CPU
	EndGlobalSection
	GlobalSection(ProjectConfigurationPlatforms) = postSolution
		{553443C1-CD15-4893-A2FD-55D9F2372CC1}.Debug|Any CPU.ActiveCfg = Debug|Any CPU
		{553443C1-CD15-4893-A2FD-55D9F2372CC1}.Debug|Any CPU.Build.0 = Debug|Any CPU
		{553443C1-CD15-4893-A2FD-55D9F2372CC1}.Release|Any CPU.ActiveCfg = Release|Any CPU
		{553443C1-CD15-4893-A2FD-55D9F2372CC1}.Release|Any CPU.Build.0 = Release|Any CPU
		{04331565-DA9E-4F25-A688-D0A5C98F8CBB}.Debug|Any CPU.ActiveCfg = Debug|Any CPU
		{04331565-DA9E-4F25-A688-D0A5C98F8CBB}.Debug|Any CPU.Build.0 = Debug|Any CPU
		{04331565-DA9E-4F25-A688-D0A5C98F8CBB}.Release|Any CPU.ActiveCfg = Release|Any CPU
		{04331565-DA9E-4F25-A688-D0A5C98F8CBB}.Release|Any CPU.Build.0 = Release|Any CPU
	EndGlobalSection
	GlobalSection(SolutionProperties) = preSolution
		HideSolutionNode = FALSE
	EndGlobalSection
EndGlobal
